
Microsoft Visual Studio Solution File, Format Version 12.00
# Visual Studio 15
Project("{FAE04EC0-301F-11D3-BF4B-00C04F79EFBC}") = "Assembly-CSharp", "Assembly-CSharp.csproj", "{09CAD6D6-5A91-74E0-A125-A2211FA0184A}"
EndProject
Project("{FAE04EC0-301F-11D3-BF4B-00C04F79EFBC}") = "Assembly-CSharp-Editor", "Assembly-CSharp-Editor.csproj", "{EA2F8E64-AA46-4B41-7071-9BBA2494D714}"
EndProject
Global
	GlobalSection(SolutionConfigurationPlatforms) = preSolution
		Debug|Any CPU = Debug|Any CPU
		Release|Any CPU = Release|Any CPU
	EndGlobalSection
	GlobalSection(ProjectConfigurationPlatforms) = postSolution
		{09CAD6D6-5A91-74E0-A125-A2211FA0184A}.Debug|Any CPU.ActiveCfg = Debug|Any CPU
		{09CAD6D6-5A91-74E0-A125-A2211FA0184A}.Debug|Any CPU.Build.0 = Debug|Any CPU
		{09CAD6D6-5A91-74E0-A125-A2211FA0184A}.Release|Any CPU.ActiveCfg = Release|Any CPU
		{09CAD6D6-5A91-74E0-A125-A2211FA0184A}.Release|Any CPU.Build.0 = Release|Any CPU
		{EA2F8E64-AA46-4B41-7071-9BBA2494D714}.Debug|Any CPU.ActiveCfg = Debug|Any CPU
		{EA2F8E64-AA46-4B41-7071-9BBA2494D714}.Debug|Any CPU.Build.0 = Debug|Any CPU
		{EA2F8E64-AA46-4B41-7071-9BBA2494D714}.Release|Any CPU.ActiveCfg = Release|Any CPU
		{EA2F8E64-AA46-4B41-7071-9BBA2494D714}.Release|Any CPU.Build.0 = Release|Any CPU
	EndGlobalSection
	GlobalSection(SolutionProperties) = preSolution
		HideSolutionNode = FALSE
	EndGlobalSection
EndGlobal
